
Microsoft Visual Studio Solution File, Format Version 12.00
# Visual Studio Version 16
VisualStudioVersion = 16.0.31112.23
MinimumVisualStudioVersion = 10.0.40219.1
Project("{FAE04EC0-301F-11D3-BF4B-00C04F79EFBC}") = "SearchPort", "SearchPort\SearchPort.csproj", "{AC3E1C35-8589-4488-9581-2265351E741D}"
EndProject
Global
	GlobalSection(SolutionConfigurationPlatforms) = preSolution
		Debug|Any CPU = Debug|Any CPU
		Release|Any CPU = Release|Any CPU
	EndGlobalSection
	GlobalSection(ProjectConfigurationPlatforms) = postSolution
		{AC3E1C35-8589-4488-9581-2265351E741D}.Debug|Any CPU.ActiveCfg = Debug|Any CPU
		{AC3E1C35-8589-4488-9581-2265351E741D}.Debug|Any CPU.Build.0 = Debug|Any CPU
		{AC3E1C35-8589-4488-9581-2265351E741D}.Release|Any CPU.ActiveCfg = Release|Any CPU
		{AC3E1C35-8589-4488-9581-2265351E741D}.Release|Any CPU.Build.0 = Release|Any CPU
	EndGlobalSection
	GlobalSection(SolutionProperties) = preSolution
		HideSolutionNode = FALSE
	EndGlobalSection
	GlobalSection(ExtensibilityGlobals) = postSolution
		SolutionGuid = {3F75A606-7AC7-466D-9C4A-4396C8797D02}
	EndGlobalSection
EndGlobal
